Microsoft Visual Studio Solution File, Format Version 12.00
# Visual Studio Version 17
VisualStudioVersion = 17.5.2.0
MinimumVisualStudioVersion = 10.0.40219.1
Project("{FAE04EC0-301F-11D3-BF4B-00C04F79EFBC}") = "QuickBudgetBuilder", "QuickBudgetBuilder.csproj", "{F9844149-2E9E-A39E-AF11-A3549709C761}"
EndProject
Global
	GlobalSection(SolutionConfigurationPlatforms) = preSolution
		Debug|Any CPU = Debug|Any CPU
		Release|Any CPU = Release|Any CPU
	EndGlobalSection
	GlobalSection(ProjectConfigurationPlatforms) = postSolution
		{F9844149-2E9E-A39E-AF11-A3549709C761}.Debug|Any CPU.ActiveCfg = Debug|Any CPU
		{F9844149-2E9E-A39E-AF11-A3549709C761}.Debug|Any CPU.Build.0 = Debug|Any CPU
		{F9844149-2E9E-A39E-AF11-A3549709C761}.Release|Any CPU.ActiveCfg = Release|Any CPU
		{F9844149-2E9E-A39E-AF11-A3549709C761}.Release|Any CPU.Build.0 = Release|Any CPU
	EndGlobalSection
	GlobalSection(SolutionProperties) = preSolution
		HideSolutionNode = FALSE
	EndGlobalSection
	GlobalSection(ExtensibilityGlobals) = postSolution
		SolutionGuid = {6332BFF5-C88D-4BBA-821F-BE07D2D3FC03}
	EndGlobalSection
EndGlobal
